version = 1
revision = 5
requires-python = ">=3.14.8"

[[package]]
name = "certifi"
version = "2026.7.22"
source = { registry = "https://pypi.org/simple" }
sdist = { url = "https://files.pythonhosted.org/packages/a3/c2/24167ea9858356b47a87a50d39908bfdb72ceeefe0041586e704e5376b3a/certifi-2026.7.22.tar.gz", hash = "sha256:741e2c3b351ddf169a738da9f2c048608ff7f2c5cc02f1ebc6b118bb090d5d55", size = 138112, upload-time = "2026-07-22T03:35:12.644Z" }
wheels = [
    { url = "https://files.pythonhosted.org/packages/0b/a7/71ac2cff56fec219ed242bb11b8efb69fcc4bec75db06fb7bfe35de520e6/certifi-2026.7.22-py3-none-any.whl", hash = "sha256:62f22742b58a1a33014a2b6b706588a8d7e2a88ae7bd1a6ebe8c992928483775", size = 136983, upload-time = "2026-07-22T03:35:11.276Z" },
]

[[package]]
name = "networkx"
version = "3.7"
source = { registry = "https://pypi.org/simple" }
sdist = { url = "https://files.pythonhosted.org/packages/dc/76/3af777226b63a5e64a6b36b1ec5855c14e2b94a37096d4760e595fc43511/networkx-3.7.tar.gz", hash = "sha256:fd77a511bd90f39f3d016351345b52cf5319b813bdca01de3f755d3cca62e96a", size = 1866482, upload-time = "2026-09-21T16:45:16.974Z" }
wheels = [
    { url = "https://files.pythonhosted.org/packages/7e/cd/fe58041e9011f307c490e3e17dd48cc516448f7c698a3f2d9d9d65d7e6a8/networkx-3.7-py3-none-any.whl", hash = "sha256:e3fd2c13a7814cee3746340d8d7f8598a67f16a58bf47fb7f8793fab6efca1b0", size = 2142205, upload-time = "2026-09-21T16:45:14.609Z" },
]

[[package]]
name = "numpy"
version = "2.5.2"
source = { registry = "https://pypi.org/simple" }
sdist = { url = "https://files.pythonhosted.org/packages/9a/80/db0b4559e57ec36362bedbb05530a87fafbcb6067708c946967a41d449e7/numpy-2.5.2.tar.gz", hash = "sha256:d482d171c406ae88c5b19cad3b6a1c4c5209f886ab74bc44c2c865c23f52d860", size = 20773161, upload-time = "2026-08-09T13:48:27.962Z" }
wheels = [
    { url = "https://files.pythonhosted.org/packages/ac/f8/c3b222bf075b50afd8e949a07a15c4b312a4a84bd8102a332bcd953cbbb4/numpy-2.5.2-cp314-cp314-macosx_10_15_x86_64.whl", hash = "sha256:d787cf769c3baeb5f6235e778edb52c08dfa923789b5958f28e6450f96107cb1", size = 16885180, upload-time = "2026-08-09T13:46:03.939Z" },
    { url = "https://files.pythonhosted.org/packages/17/e1/2c1d4b1987795a92b5bbf7c24fe249ab96aa2573ab0d7604802c189d7b86/numpy-2.5.2-cp314-cp314-macosx_11_0_arm64.whl", hash = "sha256:24b9dc2e3d84aa58523798805194e23e736f3f6ce2d1a5b92583ae734e6dbda8", size = 11907878, upload-time = "2026-08-09T13:46:07.045Z" },
    { url = "https://files.pythonhosted.org/packages/b9/ee/d08226fc858044355983a6e5b94f08ff6f3969e0a2b160a4a89f0ddb3445/numpy-2.5.2-cp314-cp314-macosx_14_0_arm64.whl", hash = "sha256:9e9413326d726c2545bfa65d2c0876871e8d8386e77f992c1d426e180bbd4323", size = 5354922, upload-time = "2026-08-09T13:46:10.04Z" },
    { url = "https://files.pythonhosted.org/packages/94/f0/6d3d933056440ebbc5e6bad92065fc6c26a48a84a36b1208580e94eea76c/numpy-2.5.2-cp314-cp314-macosx_14_0_x86_64.whl", hash = "sha256:60e902ac295855348a5ca2ea4c89108989a9f5fddfad3dfc0a8f36b10358567e", size = 6679168, upload-time = "2026-08-09T13:46:12.275Z" },
    { url = "https://files.pythonhosted.org/packages/c4/3b/ecd49dd90033cceb2704d88ca905d4d7d89b0e8c739608754ffd325fa820/numpy-2.5.2-cp314-cp314-manylinux_2_27_aarch64.manylinux_2_28_aarch64.whl", hash = "sha256:50e500dc868e9313530ce12ba470fe50ff3afe3d62993ed6eff652dacd555b65", size = 15624501, upload-time = "2026-08-09T13:46:15.322Z" },
    { url = "https://files.pythonhosted.org/packages/c7/99/461bd36dbdfac6c1c53efa370bd55a83227542d0d118f1677dbf1a3dacd5/numpy-2.5.2-cp314-cp314-manylinux_2_27_x86_64.manylinux_2_28_x86_64.whl", hash = "sha256:318b9a4c845dbea06708a29c84ee429cc3065048db34cdb799047643492050ee", size = 16713701, upload-time = "2026-08-09T13:46:18.949Z" },
    { url = "https://files.pythonhosted.org/packages/f9/9c/2b251df9e8a5d647b62b0cbc1b90a91850c1cf4859ecb532fd0b4eacff6c/numpy-2.5.2-cp314-cp314-musllinux_1_2_aarch64.whl", hash = "sha256:34c319e2963be042673fb46570501b2f06c41924e17e3563d58646b4380dfb68", size = 16986065, upload-time = "2026-08-09T13:46:23.006Z" },
    { url = "https://files.pythonhosted.org/packages/8f/25/20de43f53ff1390534a124475055a19f01fe10c920a0fd11b8e18d6d6052/numpy-2.5.2-cp314-cp314-musllinux_1_2_x86_64.whl", hash = "sha256:f06571a052127dc1b4e8b83029b4d1b20daa2b64a31cdd181fc6bc774e9000eb", size = 18470031, upload-time = "2026-08-09T13:46:27.102Z" },
    { url = "https://files.pythonhosted.org/packages/56/5e/0c577ca308d6da5eb79b546ba10bbe5b60148192194e2da060913b1de4f1/numpy-2.5.2-cp314-cp314-win32.whl", hash = "sha256:2cc779226e476d1e1f08c74068c419e60f41a9e0e069c92f6671d31d5c985e98", size = 6121028, upload-time = "2026-08-09T13:46:30.046Z" },
    { url = "https://files.pythonhosted.org/packages/15/5c/7bcbd5b11f94199073320410cddcbb80cee62415bfeb540874b265c2d922/numpy-2.5.2-cp314-cp314-win_amd64.whl", hash = "sha256:7587f53dfbd5edc0f7b87c6217b4c6d2d1f2ef9c3da70bc1315e7db5f8d7ec9d", size = 12597627, upload-time = "2026-08-09T13:46:32.886Z" },
    { url = "https://files.pythonhosted.org/packages/87/bc/4d0b06fba0da90ccc75af62823cb9dcedb6c9ea0cffa058cb2c9ee773a77/numpy-2.5.2-cp314-cp314-win_arm64.whl", hash = "sha256:3e4c367352d3747784248a227fbec218e193b56f7e6692e3b64fc805478ecfdf", size = 10680414, upload-time = "2026-08-09T13:46:36.036Z" },
    { url = "https://files.pythonhosted.org/packages/cd/17/f429aac9dc08833a0d0f188eba38c532a751b1a1f2ca6018a37b455cb321/numpy-2.5.2-cp314-cp314t-macosx_11_0_arm64.whl", hash = "sha256:b879fb674276e331513fb136b78dbc6bd3c848309e0d841cfd63be3896c4cfc1", size = 12026967, upload-time = "2026-08-09T13:46:39.084Z" },
    { url = "https://files.pythonhosted.org/packages/ca/9f/d0849de96a2a4ceaa16662f18ee13eaa9c0aa418269fdc8c4857c56b11da/numpy-2.5.2-cp314-cp314t-macosx_14_0_arm64.whl", hash = "sha256:fd0d703772bba096843785bd38371e31bb4a0c1151497ad5739d182114a73f7f", size = 5473874, upload-time = "2026-08-09T13:46:42.075Z" },
    { url = "https://files.pythonhosted.org/packages/89/3c/8df216d4a4a5422a3de045301cf7df8ea47286d76f5cb7160b0128ac26b7/numpy-2.5.2-cp314-cp314t-macosx_14_0_x86_64.whl", hash = "sha256:3a2f061cebd9e3d23bdcfaaded5e2293a4c6a5b60fa42df85d410a725ce621bf", size = 6789276, upload-time = "2026-08-09T13:46:44.387Z" },
    { url = "https://files.pythonhosted.org/packages/e6/3a/20d7e9891c4ddfadd6ff8d95bf4b29f353d8e1770553de2099880551dfb9/numpy-2.5.2-cp314-cp314t-manylinux_2_27_aarch64.manylinux_2_28_aarch64.whl", hash = "sha256:6df895598c0edcb41030126c89e0f353b07d93238116143b7405e937359736c4", size = 15659154, upload-time = "2026-08-09T13:46:47.538Z" },
    { url = "https://files.pythonhosted.org/packages/aa/d6/f3aa3d2688bf501b858835c6bd087ae9b51a56ae6fca8e2b0990abd177af/numpy-2.5.2-cp314-cp314t-manylinux_2_27_x86_64.manylinux_2_28_x86_64.whl", hash = "sha256:1ab3d4a901f844ea836c3e80bf463c6a27d7f3c14e8e292fcf28d348b25b9bce", size = 16748909, upload-time = "2026-08-09T13:46:51.442Z" },
    { url = "https://files.pythonhosted.org/packages/7d/8f/1c5cae8d2baf86ab802ae97a00be55bc7e21ebc11b12bbc33376c5f05342/numpy-2.5.2-cp314-cp314t-musllinux_1_2_aarch64.whl", hash = "sha256:cebc2d6dbb605a7703d59751dea4bd6b0ab127a5a4338a6f432df1936fef8b26", size = 17027685, upload-time = "2026-08-09T13:46:55.095Z" },
    { url = "https://files.pythonhosted.org/packages/5c/27/71d3467404aedc1c24ce79610f91b52b0b0f466c43a701aa56fc75c145ab/numpy-2.5.2-cp314-cp314t-musllinux_1_2_x86_64.whl", hash = "sha256:eaca7ff36f0f52e2111ec71f169d8fd3e889e7ddc0d2592e0d703fd8d3ce8fac", size = 18501181, upload-time = "2026-08-09T13:46:59.09Z" },
    { url = "https://files.pythonhosted.org/packages/14/2f/42921d27c40aea7e077f4a423ae509fd9220b028cd787bafefd8ab2b3a5f/numpy-2.5.2-cp314-cp314t-win32.whl", hash = "sha256:ddf47472af2e4280d79bac82304f5e80150211f1b9e614b760061d5fdfbb6eba", size = 6271085, upload-time = "2026-08-09T13:47:01.903Z" },
    { url = "https://files.pythonhosted.org/packages/75/e6/bad5f5d56de9b1971bac959963dda276d35c40f1854475005434bbe08692/numpy-2.5.2-cp314-cp314t-win_amd64.whl", hash = "sha256:44ef9675d908e65f9953063837c3277730f3f4437615a4cdab67b366cabaf884", size = 12787971, upload-time = "2026-08-09T13:47:04.963Z" },
    { url = "https://files.pythonhosted.org/packages/df/05/f608795cb34391acd67e38d94a3c36abd8d8576293a3a80727d7595c372c/numpy-2.5.2-cp314-cp314t-win_arm64.whl", hash = "sha256:eaa088384c46f519dacb93b7ec483a6d6b19a4a2085ae4f25ab9b1c43d387d1e", size = 10750306, upload-time = "2026-08-09T13:47:07.976Z" },
    { url = "https://files.pythonhosted.org/packages/33/c6/28de0191c5f82b7d42a0a51390ba98587048aa93a39fafb05bdbe6e8d00c/numpy-2.5.2-cp315-cp315-macosx_10_15_x86_64.whl", hash = "sha256:078f9b027b478c9379b9677babbf0f8b8f1ecfada27636d7b9a93990c638739f", size = 16885274, upload-time = "2026-08-09T13:47:11.439Z" },
    { url = "https://files.pythonhosted.org/packages/dd/d1/973ca116000d244897e468ea1aff30b589e5022e3c8744b71706fe33bd57/numpy-2.5.2-cp315-cp315-macosx_11_0_arm64.whl", hash = "sha256:50a68f4bacd8a2b33d8da3d2269d0d78500f86ea582e4786dc10f5ef2c2c6842", size = 11907846, upload-time = "2026-08-09T13:47:15.128Z" },
    { url = "https://files.pythonhosted.org/packages/78/d9/8c4b3937ef204cb2fd88d389ccd0f265a2ffb11f35a01d2064cf46714bd6/numpy-2.5.2-cp315-cp315-macosx_14_0_arm64.whl", hash = "sha256:e79aba74ffaf5f78a050d777c184cddf8fdffabab38acf5f3ef1fecbc17895d6", size = 5354892, upload-time = "2026-08-09T13:47:18.07Z" },
    { url = "https://files.pythonhosted.org/packages/74/9b/b6ee65ea2999fdb7023935e108e6fb776ee4082aa15f159acfa857e578c8/numpy-2.5.2-cp315-cp315-macosx_14_0_x86_64.whl", hash = "sha256:9a0731745a72a184490a582fb4af2533512bd071ace67785b5fdffc0ae58dce8", size = 6679309, upload-time = "2026-08-09T13:47:20.456Z" },
    { url = "https://files.pythonhosted.org/packages/43/f3/acb18d8b137a393c8e7803a8c994c9e64bde3930692a69d826993113a159/numpy-2.5.2-cp315-cp315-manylinux_2_27_aarch64.manylinux_2_28_aarch64.whl", hash = "sha256:4ec954036759bcee3aa484f8603bd9c14f3e776293b85578b8734c2d72777c69", size = 15625850, upload-time = "2026-08-09T13:47:24.365Z" },
    { url = "https://files.pythonhosted.org/packages/a9/bf/a8e9bb0db815a0e265b5744ebedd3af0bd5faad8604e5b50a1cd012f3c91/numpy-2.5.2-cp315-cp315-manylinux_2_27_x86_64.manylinux_2_28_x86_64.whl", hash = "sha256:dc649493697006bc90614a5f0bbc8cb3cb1866715c474e473694968d7e6b99ab", size = 16713664, upload-time = "2026-08-09T13:47:27.965Z" },
    { url = "https://files.pythonhosted.org/packages/0c/c3/6e913736b3dd6582344af32418b5fb9dab34282e8a8174ae1d54ceb0fc13/numpy-2.5.2-cp315-cp315-musllinux_1_2_aarch64.whl", hash = "sha256:cf7de32f486e4ac9e2d93b810f9e9ac72a728dd46a32a0bb403222f27f653514", size = 16986749, upload-time = "2026-08-09T13:47:31.541Z" },
    { url = "https://files.pythonhosted.org/packages/80/09/7d3b23eff5c7428ef6c01e6f7052bb60d504c4d33e317b36b8959c24ad97/numpy-2.5.2-cp315-cp315-musllinux_1_2_x86_64.whl", hash = "sha256:2ffa7bacab3e2ee1b19ed31766bb60bb380b68c23f051e199c5cc598afd68710", size = 18470495, upload-time = "2026-08-09T13:47:35.364Z" },
    { url = "https://files.pythonhosted.org/packages/a5/a4/68a321d825374f6eb677ffe8ef8c6b9a328304e6fd2e39d9530822776607/numpy-2.5.2-cp315-cp315-win32.whl", hash = "sha256:6b588cc8f902d6bff201c19fd00c43ab8545671e3554d014e12e14139e5e8617", size = 6120696, upload-time = "2026-08-09T13:47:38.561Z" },
    { url = "https://files.pythonhosted.org/packages/c8/23/deafbb1700f79fae9cd1e91220f133d124cc267de1b584da3fbf6db2f6cd/numpy-2.5.2-cp315-cp315-win_amd64.whl", hash = "sha256:07d4e89f3a9ab0a9ba24264ccdb642b3dd951b2281e8883a5481a4aa79cc31a7", size = 12597324, upload-time = "2026-08-09T13:47:41.401Z" },
    { url = "https://files.pythonhosted.org/packages/33/cd/3272ba105e3bbbdaeb11357eda31e7a6825ffe159e8171665660299a948f/numpy-2.5.2-cp315-cp315-win_arm64.whl", hash = "sha256:a610dc7e3c52edd39c2bc2375ff9c3fd59cb3ad00e4472d36f83bc1457145788", size = 10680466, upload-time = "2026-08-09T13:47:44.873Z" },
    { url = "https://files.pythonhosted.org/packages/0e/0e/58370637b1bb70a5c9ce2b43f4b521ccb224e36ccb76a6596b17ae4b447c/numpy-2.5.2-cp315-cp315t-macosx_10_15_x86_64.whl", hash = "sha256:40f4d451aed46a8046a1aae41c4e55fb3612273df9c502480135e1501576a34b", size = 16993947, upload-time = "2026-08-09T13:47:48.97Z" },
    { url = "https://files.pythonhosted.org/packages/10/93/2abcb807712b289d6d60fe4cf30532f98974a8396d885650f3ba5a13026e/numpy-2.5.2-cp315-cp315t-macosx_11_0_arm64.whl", hash = "sha256:c081cbe16ba1ab53078e5ff29013621e33c509eedab055775d956427712c236e", size = 12025331, upload-time = "2026-08-09T13:47:52.646Z" },
    { url = "https://files.pythonhosted.org/packages/8b/3a/2898e003a5fbaf87e76c039b4ee1f5eb390471b4ffe74887c1f34c4e791e/numpy-2.5.2-cp315-cp315t-macosx_14_0_arm64.whl", hash = "sha256:0090ccdd57ec2703e9b49d0bf554767370581c1dd0a6b2bb2b2d9def317d042a", size = 5472336, upload-time = "2026-08-09T13:47:55.403Z" },
    { url = "https://files.pythonhosted.org/packages/61/a5/23f69d07c544597b29758b31b55c27dc9d541012a2c1496189fef702aec2/numpy-2.5.2-cp315-cp315t-macosx_14_0_x86_64.whl", hash = "sha256:6a9bb119fb8dd21ba30b3f0e555b7e2b081bd9883af21ec9c1c633d161cda3a8", size = 6788387, upload-time = "2026-08-09T13:47:58.192Z" },
    { url = "https://files.pythonhosted.org/packages/15/ea/c0dbdbcf22f43782510a3e492dd3da73c6112b69cac8929d16d127536fc4/numpy-2.5.2-cp315-cp315t-manylinux_2_27_aarch64.manylinux_2_28_aarch64.whl", hash = "sha256:a839318485284a6fb31be4f8f2c91c8f2cb22f4543c4a8903f12b0671ffe07cc", size = 15667096, upload-time = "2026-08-09T13:48:01.562Z" },
    { url = "https://files.pythonhosted.org/packages/fc/5e/29c73c31748cdb0f7566642125ba17fd5b56780cddf891b085dab27e4466/numpy-2.5.2-cp315-cp315t-manylinux_2_27_x86_64.manylinux_2_28_x86_64.whl", hash = "sha256:ba0a474801b8dc67b66bf465548abc90e82b44d2611b5770f33008dcabffe8ec", size = 16751730, upload-time = "2026-08-09T13:48:05.706Z" },
    { url = "https://files.pythonhosted.org/packages/47/95/02501e8454796bb58dadf7a99d3181e0b464bf264e1003039572f9779fac/numpy-2.5.2-cp315-cp315t-musllinux_1_2_aarch64.whl", hash = "sha256:0a4035ae1129ff8777f08bfbd44f1e5d8e9c049ce0c2dd78fc0d92c13e7251c0", size = 17038686, upload-time = "2026-08-09T13:48:09.627Z" },
    { url = "https://files.pythonhosted.org/packages/0e/b5/53a681d91b5c82687067d8ea5035e02d917b5509d6f334cb06484a954714/numpy-2.5.2-cp315-cp315t-musllinux_1_2_x86_64.whl", hash = "sha256:77843ca236b777e67f8d6b3660ea116e499612703a0ecd7093f316201eb9d8e2", size = 18507727, upload-time = "2026-08-09T13:48:13.744Z" },
    { url = "https://files.pythonhosted.org/packages/42/06/6e11443f7b64ee376c860506091103bf68f92d2cab9e8d96d4501babf07c/numpy-2.5.2-cp315-cp315t-win32.whl", hash = "sha256:7354826bc6f8f69402e9b7fe28d15fcd34feebd74f856f111585c5b0c9fb0251", size = 6269775, upload-time = "2026-08-09T13:48:17.543Z" },
    { url = "https://files.pythonhosted.org/packages/f1/18/195d6b86cd72dbbc501edfa778005fa6b87afd34c153e46028cd3a0938f4/numpy-2.5.2-cp315-cp315t-win_amd64.whl", hash = "sha256:e5651f3f87add730ee6608d915009e19c911fba0cb000c7e3ea994b7d768eb12", size = 12782559, upload-time = "2026-08-09T13:48:21.023Z" },
    { url = "https://files.pythonhosted.org/packages/b4/07/458c344f0f0c178f4481dad5cca790626ffe4c34eabf9467069d06ee4999/numpy-2.5.2-cp315-cp315t-win_arm64.whl", hash = "sha256:5f8e00be2ec6f45f4e8a41a527f68d44a7d96fee92a650e4d8b1326f77f61e6e", size = 10748103, upload-time = "2026-08-09T13:48:24.21Z" },
]

[[package]]
name = "pyproj"
version = "3.8.0"
source = { registry = "https://pypi.org/simple" }
dependencies = [
    { name = "certifi" },
]
sdist = { url = "https://files.pythonhosted.org/packages/c8/29/6598570c90cbfc84ddefc3ccac4aa412bf51a527d72c74cc4fe64a5e6f24/pyproj-3.8.0.tar.gz", hash = "sha256:efa59725bba68bf97fa808b61302df32934acdceb6a5c92a8dd0e71dc266a876", size = 242018, upload-time = "2026-09-05T20:05:09.353Z" }
wheels = [
    { url = "https://files.pythonhosted.org/packages/1f/f0/9eb71bd1a38680e0bed2dafc7bb86893944c389fc4d1e4861411f9bc00a3/pyproj-3.8.0-cp314-cp314-macosx_14_0_arm64.whl", hash = "sha256:ad96cf05cfea67e54c16b2119b29ea60ba3b3562643ed3e8a0ce0ecc55efb50e", size = 4991052, upload-time = "2026-09-05T20:03:49.004Z" },
    { url = "https://files.pythonhosted.org/packages/fa/be/9c9839d8a95b57d6fea342802073886ce58a64b7f6e8f8d58054f2c245a8/pyproj-3.8.0-cp314-cp314-macosx_15_0_x86_64.whl", hash = "sha256:45d3abdf17a26396f86d353b957323d53e5fc9d9558bed311ae3b1bf6665448d", size = 6098992, upload-time = "2026-09-05T20:03:50.961Z" },
    { url = "https://files.pythonhosted.org/packages/81/f5/3dd3d75c124a12a9fb69f607a8c9d3af15439c78d57f0dc8d30edac3342e/pyproj-3.8.0-cp314-cp314-manylinux_2_28_aarch64.whl", hash = "sha256:0b3ba65286a1ea401ca51fd35f2bd375f26fd29d517d5ee980159f9f739b2109", size = 10047009, upload-time = "2026-09-05T20:03:52.921Z" },
    { url = "https://files.pythonhosted.org/packages/15/7e/ccee7d6b307bb635b47dbd96eb3471c3a7d6053b8f903723756f8a3ba00a/pyproj-3.8.0-cp314-cp314-manylinux_2_28_x86_64.whl", hash = "sha256:8cff207c2a92235f79bb2caab29790e1743776e02331143bc5de4224bd695911", size = 9942031, upload-time = "2026-09-05T20:03:55.327Z" },
    { url = "https://files.pythonhosted.org/packages/2b/1d/48a2f7d3242da15a75f6ef3ec33ebb250c4218735ac1ca0144e8fef7274c/pyproj-3.8.0-cp314-cp314-musllinux_1_2_aarch64.whl", hash = "sha256:c9a4e37ce375a87a407e8771475680b757903be59cd41b29e60f90bd56fa6b65", size = 11438119, upload-time = "2026-09-05T20:03:57.875Z" },
    { url = "https://files.pythonhosted.org/packages/c6/f7/4118e918180a6edc9267c2d7635167f96bd3c7fa634442b92cb7210a8298/pyproj-3.8.0-cp314-cp314-musllinux_1_2_x86_64.whl", hash = "sha256:ba53cff2c6e768f1b84844ff621291c5ab89ac8875bd8036ab6065aaf58cdbd9", size = 11408758, upload-time = "2026-09-05T20:04:00.587Z" },
    { url = "https://files.pythonhosted.org/packages/12/80/7b2aa0703cfd676a8c8545286cc58ea62ca647c60059c185f0ba484a6a92/pyproj-3.8.0-cp314-cp314-win32.whl", hash = "sha256:dba62da116d92a724723b6e206d792993486458369f65db2381f43564d0d2984", size = 6405456, upload-time = "2026-09-05T20:04:02.92Z" },
    { url = "https://files.pythonhosted.org/packages/f9/26/058eaa656d4e4c43a2528b51a39f6d4b3082e6eb38731ddab4088a744bc1/pyproj-3.8.0-cp314-cp314-win_amd64.whl", hash = "sha256:653b49e2d5aa87c22c1c32520700ed8f394583a0174a6e69ceb280bdbee1b4e6", size = 6856493, upload-time = "2026-09-05T20:04:05.836Z" },
    { url = "https://files.pythonhosted.org/packages/a5/41/8c7c837c863611745e4ad6d30ef2f64838ac7dd77532934120abb4e280f4/pyproj-3.8.0-cp314-cp314-win_arm64.whl", hash = "sha256:c211c35bd8bbf6693fd2787bf8cb15bbac6fbdbad4f6495e9baf53e84923b1a8", size = 6815331, upload-time = "2026-09-05T20:04:08.149Z" },
    { url = "https://files.pythonhosted.org/packages/29/2a/c187159cdd3c0d77a47008b67848433c7663f6f330fdda31d33994525ba6/pyproj-3.8.0-cp314-cp314t-macosx_14_0_arm64.whl", hash = "sha256:e2129d03506414ff22fa4bc2541100ce3bfd9b6d1d9af805e77631aae04b866b", size = 5034204, upload-time = "2026-09-05T20:04:09.811Z" },
    { url = "https://files.pythonhosted.org/packages/5a/3a/33a116141601104596f8d13fb8475124fffc0b79eba7dea607eed7d479ad/pyproj-3.8.0-cp314-cp314t-macosx_15_0_x86_64.whl", hash = "sha256:1271c631c28c1d646c1e0b890bd691d1c4b736f9745a9d8a00f750fefd77de9c", size = 6124713, upload-time = "2026-09-05T20:04:11.517Z" },
    { url = "https://files.pythonhosted.org/packages/d4/42/c95c4a06f59271be31b893ddc9b55e3a2c0a577ab6a1204bd4047a3a2898/pyproj-3.8.0-cp314-cp314t-manylinux_2_28_aarch64.whl", hash = "sha256:a510721719b9e3f5964ad8235e3530bdd82a38093266ad037ee08f71fb9995e9", size = 10326257, upload-time = "2026-09-05T20:04:13.682Z" },
    { url = "https://files.pythonhosted.org/packages/2e/ef/a23a52a64fd8669a3bb65e6af754f60b3622f30cfd86092007baec3afcdd/pyproj-3.8.0-cp314-cp314t-manylinux_2_28_x86_64.whl", hash = "sha256:faa68c0996bdd3fd997d86c676e758b72a96209ab14b7c5e8b8dcf3b23f85881", size = 10127655, upload-time = "2026-09-05T20:04:16.52Z" },
    { url = "https://files.pythonhosted.org/packages/de/d5/7ce0841f952c44daff8673636e112e07320dcf19d34cb02b830619eafcfd/pyproj-3.8.0-cp314-cp314t-musllinux_1_2_aarch64.whl", hash = "sha256:fe26eb69e78f8b8d30ee67a6a6cfc172dd6085bc2c164a7143568138cb3a5a39", size = 11645798, upload-time = "2026-09-05T20:04:19.251Z" },
    { url = "https://files.pythonhosted.org/packages/e7/23/f921f08d883431d69486e18c127a4b5ad5d4d47ebc530e89ec49faa9e962/pyproj-3.8.0-cp314-cp314t-musllinux_1_2_x86_64.whl", hash = "sha256:2da8c0be5660e4f261bf1e63c1d51a8c503947af1c0a330e15e5cddec7ef1e5c", size = 11569070, upload-time = "2026-09-05T20:04:22.142Z" },
    { url = "https://files.pythonhosted.org/packages/ba/b1/e1a20545949c2dc13c6dfc80593f07c1ba32eb6d5f7134732eb1306c5540/pyproj-3.8.0-cp314-cp314t-win32.whl", hash = "sha256:cb38a247201b26be0a2513262e0014847fba6a28400a921d26f6d23db924e345", size = 6475514, upload-time = "2026-09-05T20:04:24.428Z" },
    { url = "https://files.pythonhosted.org/packages/af/46/b3def124148728753a60e8ce3123aed8fec135fd050304c8aa9917aeeeae/pyproj-3.8.0-cp314-cp314t-win_amd64.whl", hash = "sha256:cd047cfb04e451b95ff8b91f824e641a54944fbf64dfef7946e4e8bad6f3f752", size = 6946924, upload-time = "2026-09-05T20:04:26.276Z" },
    { url = "https://files.pythonhosted.org/packages/66/24/c6b0cd6cb625ebc07aeea9bccca5802d9685ee178e9da8c03baadc035f2e/pyproj-3.8.0-cp314-cp314t-win_arm64.whl", hash = "sha256:a02db72ac71f36d4da337e43e98f59ec216613d1bbc2aa1543a9488f3a2a17cc", size = 6847919, upload-time = "2026-09-05T20:04:28.301Z" },
    { url = "https://files.pythonhosted.org/packages/51/00/2c47781ba80bfbeec612815eee45f7b08c4727d4da4d7853981338ff38d1/pyproj-3.8.0-cp315-cp315-macosx_14_0_arm64.whl", hash = "sha256:54750d95c7aa1cbe78ec7be522ceef9b82b8f6f185d26ca413995a953bf8f1e8", size = 4990032, upload-time = "2026-09-05T20:04:30.104Z" },
    { url = "https://files.pythonhosted.org/packages/ba/5a/d8fb1ceb8044bcacfbe1af15169c5674748228c6f6aa8d036399ecfe856f/pyproj-3.8.0-cp315-cp315-macosx_15_0_x86_64.whl", hash = "sha256:dd5bc46f443466cf18418290ef6b69b604b706b24adf84f2ea1d32e58a2f7209", size = 6097707, upload-time = "2026-09-05T20:04:32.346Z" },
    { url = "https://files.pythonhosted.org/packages/a2/24/0a5d3900c001f23d220ae4babd375f17667a505981be573c270c9952bb8f/pyproj-3.8.0-cp315-cp315-manylinux_2_28_aarch64.whl", hash = "sha256:f6e7aa6b2da0c7ae6b6185cb9769bf2f941c5f9cd0c246e98e04fc6751621eac", size = 10052422, upload-time = "2026-09-05T20:04:34.365Z" },
    { url = "https://files.pythonhosted.org/packages/81/68/3cdb0bc8eb5e30e21e2fadbf090c2a92cb92b92175fe9b76d2c74351cc6f/pyproj-3.8.0-cp315-cp315-manylinux_2_28_x86_64.whl", hash = "sha256:0fb11c0d6a7caa396275012a9bda461ddf2d209cf6edfe53c477fb9c71778672", size = 9950482, upload-time = "2026-09-05T20:04:36.814Z" },
    { url = "https://files.pythonhosted.org/packages/b1/b7/d08c09c7d10aacd7705ef71b8fa8e0aed5b625b3f410038d7a198a81fd48/pyproj-3.8.0-cp315-cp315-musllinux_1_2_aarch64.whl", hash = "sha256:ea85d85e71d03d9b26d3bab78384226ebcfa71ac61bc25fcca5f50a144003575", size = 11443699, upload-time = "2026-09-05T20:04:39.324Z" },
    { url = "https://files.pythonhosted.org/packages/84/12/c24538a68b5d8ec33e1a2fe4d1dc309108bcfbd9991e976e1a8933063500/pyproj-3.8.0-cp315-cp315-musllinux_1_2_x86_64.whl", hash = "sha256:ba88a9b5bfb39a141361e6ccc2a06136383ea2757fbfe3e6df2dd1133ad55304", size = 11410580, upload-time = "2026-09-05T20:04:41.739Z" },
    { url = "https://files.pythonhosted.org/packages/55/13/5bbb11d7d84d4d90b7a5c32c7b48dfaf49a00b04cc1572a92a68e06ae80f/pyproj-3.8.0-cp315-cp315-win32.whl", hash = "sha256:d3a37e54316ebb90f5740aed4728f43cb563109dd4ef610d0a1bc7238666d2a2", size = 6405053, upload-time = "2026-09-05T20:04:43.921Z" },
    { url = "https://files.pythonhosted.org/packages/de/f3/93daa94374eae77a188558cb20b159645eae4fb812fcadd066fc4935d018/pyproj-3.8.0-cp315-cp315-win_amd64.whl", hash = "sha256:d752eaaae639719abdb4d357008b4311c0931977f4ea0f019e79e4176ab243a7", size = 6856131, upload-time = "2026-09-05T20:04:45.619Z" },
    { url = "https://files.pythonhosted.org/packages/78/ce/69d83ccaf270916392e4625fad611e0a72a8fca8287db015f67787c193a5/pyproj-3.8.0-cp315-cp315-win_arm64.whl", hash = "sha256:dde9f238bb08f961c040ce7c6202ad5b841b508ece76eacfd8e18bc202778de7", size = 6815088, upload-time = "2026-09-05T20:04:47.339Z" },
    { url = "https://files.pythonhosted.org/packages/c2/f7/8efd72b1c73377fa41bd161b20a257b33a8497a0fcc1d2073c743622717c/pyproj-3.8.0-cp315-cp315t-macosx_14_0_arm64.whl", hash = "sha256:d31e9ddbd0ffcb65fcd902ab726b26741c9a8e8b90b60844596fd5b67030b39c", size = 5028580, upload-time = "2026-09-05T20:04:49.337Z" },
    { url = "https://files.pythonhosted.org/packages/12/17/9785c98b37e99fe2d67118198b9c379c0883d4b215b1dd1594cd98dc12c7/pyproj-3.8.0-cp315-cp315t-macosx_15_0_x86_64.whl", hash = "sha256:19db3f429013d20d31cfc56b2db44246fe5c33514b320eaef09f71f1762836bb", size = 6118988, upload-time = "2026-09-05T20:04:51.566Z" },
    { url = "https://files.pythonhosted.org/packages/eb/d2/ecfbd0c96dbf1370c4f8931dcee451620e08eb77c1f288b262ee2d962217/pyproj-3.8.0-cp315-cp315t-manylinux_2_28_aarch64.whl", hash = "sha256:f0540dea10339be8bb9f90c95685607b262547c53fa7645eef010965b80c4a90", size = 10316986, upload-time = "2026-09-05T20:04:53.498Z" },
    { url = "https://files.pythonhosted.org/packages/f5/c8/6783f31b178506a8faf55eb4e2f0007c281251a0303d59aa0c9ce9a85a80/pyproj-3.8.0-cp315-cp315t-manylinux_2_28_x86_64.whl", hash = "sha256:1074ab4aac836cb0e211fcf0e36dda7d51126c7ce15062ed9007164c6ae93183", size = 10128479, upload-time = "2026-09-05T20:04:56.441Z" },
    { url = "https://files.pythonhosted.org/packages/fc/03/212cb8445d84d20bca10b9c02516e99793a9b3d645e30892ca343499e9be/pyproj-3.8.0-cp315-cp315t-musllinux_1_2_aarch64.whl", hash = "sha256:c6da4fedc9b86970cca828b871b3fcbf8f9ad2da353b0669445fd8c03c89a9f7", size = 11641773, upload-time = "2026-09-05T20:04:59.129Z" },
    { url = "https://files.pythonhosted.org/packages/5c/fe/7a390eeb54cf3294d23dd6b03435485b4b28e1e6ca9217ce1e0c1941fe1e/pyproj-3.8.0-cp315-cp315t-musllinux_1_2_x86_64.whl", hash = "sha256:79e222f6f8486d0af3ebc5544edecebf396492e38f46500f668c6c389a20e4df", size = 11562250, upload-time = "2026-09-05T20:05:01.817Z" },
    { url = "https://files.pythonhosted.org/packages/ed/7a/faad58c948947b217fcf06f80d308fff27bab5730ad6c9cd4c35bcf8bc90/pyproj-3.8.0-cp315-cp315t-win32.whl", hash = "sha256:0ff22ad49d1f59e18a57384926aabcb0ee8bbe9213e5abe375fd18b1b6ace194", size = 6471511, upload-time = "2026-09-05T20:05:04.113Z" },
    { url = "https://files.pythonhosted.org/packages/cf/a8/5ed4f4042031e13a0fede12e81af1e4143102221c373f966a24f38b0d284/pyproj-3.8.0-cp315-cp315t-win_amd64.whl", hash = "sha256:d5a408b215ef98c9ae19e58ec512360b8ad9b25f8792138f983a58d159ac7157", size = 6940114, upload-time = "2026-09-05T20:05:05.737Z" },
    { url = "https://files.pythonhosted.org/packages/12/14/9c291ad92b565629cf4eacee72cbc8071ca8d93c9d719b47f304b1b2ea76/pyproj-3.8.0-cp315-cp315t-win_arm64.whl", hash = "sha256:bbf8a786ebfa9a904802dfde0e95e1325df8efbb573a19686c1937499a8f04e8", size = 6843958, upload-time = "2026-09-05T20:05:07.527Z" },
]

[[package]]
name = "rail-network"
version = "0"
source = { virtual = "." }
dependencies = [
    { name = "networkx" },
    { name = "pyproj" },
    { name = "shapely" },
]

[package.metadata]
requires-dist = [
    { name = "networkx", specifier = ">=3.7" },
    { name = "pyproj", specifier = ">=3.8.0" },
    { name = "shapely", specifier = ">=2.2.0" },
]

[[package]]
name = "shapely"
version = "2.2.0"
source = { registry = "https://pypi.org/simple" }
dependencies = [
    { name = "numpy" },
]
sdist = { url = "https://files.pythonhosted.org/packages/f3/ab/924b6e202f796d270a3041a230151f7908db5ea48c74effe6f8023e9bd05/shapely-2.2.0.tar.gz", hash = "sha256:e8865e553d874a1ec4a032057ea81fca9def37b188cd8fb550af3b3480b3f88c", size = 380326, upload-time = "2026-10-07T09:18:01.001Z" }
wheels = [
    { url = "https://files.pythonhosted.org/packages/eb/a9/83531b7a5349568c507c5701179b1727e21f238af318ac55ba8d0800e764/shapely-2.2.0-cp314-cp314-macosx_10_15_x86_64.whl", hash = "sha256:000c0ce2a3ba49427e6288b7add9de5d8525d4e65d6ebc8840103040d4d57b86", size = 1785489, upload-time = "2026-10-07T09:16:48.795Z" },
    { url = "https://files.pythonhosted.org/packages/a2/c8/e8117528eb96feafcd5fced50a939ecfdc6242b3782959d202755536bb9e/shapely-2.2.0-cp314-cp314-macosx_11_0_arm64.whl", hash = "sha256:0a63e6b68ec785ef3aae3935c4aa9fb8edccced94e23c79d5d85276442c60859", size = 1585345, upload-time = "2026-10-07T09:16:50.527Z" },
    { url = "https://files.pythonhosted.org/packages/53/66/289a7055e3a383680771ba59764712db822fa406bbf52971a76e51d160d6/shapely-2.2.0-cp314-cp314-manylinux_2_24_aarch64.manylinux_2_28_aarch64.whl", hash = "sha256:770d4db5cf0bfeed931a1c4aaf4f4eadad0f43f5fc72c27c88fe1f07904ae767", size = 2177801, upload-time = "2026-10-07T09:16:52.393Z" },
    { url = "https://files.pythonhosted.org/packages/d2/54/8f3d60050a703dcab48f7991ec4fb111772731d20ce6a1bf649465033476/shapely-2.2.0-cp314-cp314-manylinux_2_24_x86_64.manylinux_2_28_x86_64.whl", hash = "sha256:74f4313af38d6e49ea83532d6cedfb4fe5e6c5485d7c40202bd61b19d6ff09bf", size = 2299593, upload-time = "2026-10-07T09:16:54.462Z" },
    { url = "https://files.pythonhosted.org/packages/cf/ec/3389afd3919494f479347a83db7b5672c3c73a339173426a902d9d295152/shapely-2.2.0-cp314-cp314-musllinux_1_2_aarch64.whl", hash = "sha256:9ee11aeba1759d15a525ded58e17916d3edfa60d52110fd8df6a7609a871f066", size = 3246048, upload-time = "2026-10-07T09:16:56.477Z" },
    { url = "https://files.pythonhosted.org/packages/6f/b5/d0d4e3eaf232425a11be7af1a24aaf9c6792bc7a17dd17d722e42892f91a/shapely-2.2.0-cp314-cp314-musllinux_1_2_x86_64.whl", hash = "sha256:24b175c570efc91d1180ac6cd527dc80e863bb7de37f8b2771703d822c65e023", size = 3389241, upload-time = "2026-10-07T09:16:59.055Z" },
    { url = "https://files.pythonhosted.org/packages/3a/3d/b9626c58982a3cf4278ad978644c7a315968c7e03cd7a8a6aaadde911074/shapely-2.2.0-cp314-cp314-win32.whl", hash = "sha256:4e5830637c080bdc646c5982ad6f7cc296b93038879649f7a6acd8e0f1c4db04", size = 1658287, upload-time = "2026-10-07T09:17:00.857Z" },
    { url = "https://files.pythonhosted.org/packages/0a/c1/b3acc1c764dff7e47485dd47fc7ff5fdc230257f02006fec049bf2b9449c/shapely-2.2.0-cp314-cp314-win_amd64.whl", hash = "sha256:48dd1d961391f314ab7fa8812c86ca2a727bee2bdca1478730eacaea007da18e", size = 1843568, upload-time = "2026-10-07T09:17:02.662Z" },
    { url = "https://files.pythonhosted.org/packages/53/12/3b4977cec6bbaee5d4538d8fbd8ffc75bf764fe3519aafb09d5eefb41daa/shapely-2.2.0-cp314-cp314-win_arm64.whl", hash = "sha256:c4127c064bc71f8b7f9b3f341d6627ed39977fd0b61a17c68d09179f5e0089ae", size = 1936825, upload-time = "2026-10-07T09:17:04.886Z" },
    { url = "https://files.pythonhosted.org/packages/cb/0c/8a8f59e344dc3b53c77d99e35e3eb81b8c46cceeb3ffcd44b41ed8d17d7e/shapely-2.2.0-cp314-cp314t-macosx_10_15_x86_64.whl", hash = "sha256:c2915ae1b858e73d5832be7fb5e89497cc5140fa505da40a45223029dc6deace", size = 1793948, upload-time = "2026-10-07T09:17:07.07Z" },
    { url = "https://files.pythonhosted.org/packages/af/1e/76728b192507909866d7eaa398c9a558d326ca9a7dd14bc929362cce99c9/shapely-2.2.0-cp314-cp314t-macosx_11_0_arm64.whl", hash = "sha256:74028f468e05e461b30a479b08c1fb5094fa45062abeeec8e7905a6711761436", size = 1596025, upload-time = "2026-10-07T09:17:09.141Z" },
    { url = "https://files.pythonhosted.org/packages/11/be/e4b4219ab6414fe17f60d064693f31d5acd25bd8c98def75c4c2a1108b18/shapely-2.2.0-cp314-cp314t-manylinux_2_24_aarch64.manylinux_2_28_aarch64.whl", hash = "sha256:6ec5178a39803fa8626322f69d298037f182461dd28e3ae96c2c7a4309a6bf30", size = 2177914, upload-time = "2026-10-07T09:17:11.011Z" },
    { url = "https://files.pythonhosted.org/packages/f4/36/c007a564ddfeda1aff3c79435d4beb2c0baf41b37d1ec212269ef62f8da8/shapely-2.2.0-cp314-cp314t-manylinux_2_24_x86_64.manylinux_2_28_x86_64.whl", hash = "sha256:593e51cd04fe1122f1ab3fae87b306c36b2be0184a5e0d9c26849c55ff4580dc", size = 2297494, upload-time = "2026-10-07T09:17:13.089Z" },
    { url = "https://files.pythonhosted.org/packages/cf/74/dd289ba822b8c50a2b47dc70f87a6f4933a6402f5fe4cc5cb999fdf1ea4a/shapely-2.2.0-cp314-cp314t-musllinux_1_2_aarch64.whl", hash = "sha256:3575a323b7665d7a2e391b16a626caa6b6f6348f399183aca3fc656febd7cf04", size = 3245678, upload-time = "2026-10-07T09:17:15.165Z" },
    { url = "https://files.pythonhosted.org/packages/04/d8/bd58de9c4f325369bbc7edc4f7cce1a56cfab61e2b1c534176ea58d89db4/shapely-2.2.0-cp314-cp314t-musllinux_1_2_x86_64.whl", hash = "sha256:776cc8571d53e42be8fa6d42ad52a599b8e2186dd0c752922831508099af71e2", size = 3387773, upload-time = "2026-10-07T09:17:17.685Z" },
    { url = "https://files.pythonhosted.org/packages/69/4a/6d6e41cab51bb8aa1256ddc28d94d74d016683312e6e0e874afc8b874f3b/shapely-2.2.0-cp314-cp314t-win32.whl", hash = "sha256:f8cd733a66a2a10f461a70dde9fad7b2b62c6a48c7a66cea57ee6f1cd9f2bd2f", size = 1676626, upload-time = "2026-10-07T09:17:19.523Z" },
    { url = "https://files.pythonhosted.org/packages/22/06/6ab21f86fc08aa95b6eb3dc8f8d64701359ce89aae471c15b896e5be5afe/shapely-2.2.0-cp314-cp314t-win_amd64.whl", hash = "sha256:7f68c1fbacab81c0c066d1c3051eeb0f680b7a7a2c511e741f77741640187896", size = 1868388, upload-time = "2026-10-07T09:17:21.376Z" },
    { url = "https://files.pythonhosted.org/packages/07/85/5c0452ee08cfd72b8945ac26fbd5ae559a7af7184aa989a0d83f68f07cf9/shapely-2.2.0-cp314-cp314t-win_arm64.whl", hash = "sha256:9147ebc3b116a0511dca043937f85caf1a41690815643d5b89c8bc472f51c850", size = 1946897, upload-time = "2026-10-07T09:17:23.413Z" },
    { url = "https://files.pythonhosted.org/packages/1d/d0/c994c26df87119e530b715f7109960036242861dba37db17a1b9f44b6e56/shapely-2.2.0-cp315-cp315-macosx_10_15_x86_64.whl", hash = "sha256:715561ceda03b09ca1c6baf9922179392d8c2bc53a1b877965225f0dfb487a58", size = 1785017, upload-time = "2026-10-07T09:17:25.31Z" },
    { url = "https://files.pythonhosted.org/packages/0b/60/2a8975ee00697cb33b17e140def38f2600323760e52eaa6423183a522f06/shapely-2.2.0-cp315-cp315-macosx_11_0_arm64.whl", hash = "sha256:556f20346a7d96fefbb71b74640d84ca14041703d60f0d2ff47b29d9b3e0093d", size = 1585001, upload-time = "2026-10-07T09:17:27.622Z" },
    { url = "https://files.pythonhosted.org/packages/26/07/45cd192ede49dd821c804fd53177ba5fa2739867ceeb542cfeb259ca4314/shapely-2.2.0-cp315-cp315-manylinux_2_24_aarch64.manylinux_2_28_aarch64.whl", hash = "sha256:ff9e87b534edf35af65758fafb31ad3b797354cba9323899e263f450c69a2ff2", size = 2177659, upload-time = "2026-10-07T09:17:29.501Z" },
    { url = "https://files.pythonhosted.org/packages/f1/7f/55a7f6ae91c10aa58005e985d01756048b6e4ff82e731ea39003e1eeda3e/shapely-2.2.0-cp315-cp315-manylinux_2_24_x86_64.manylinux_2_28_x86_64.whl", hash = "sha256:fdb599ec540cea5b635ac47bf24fca4cdfd1c39730ffc0b6cf0d2666b0dd9a33", size = 2299128, upload-time = "2026-10-07T09:17:31.352Z" },
    { url = "https://files.pythonhosted.org/packages/58/2f/49eb352f7c0c0c6ec17bc0bee33f9f449d397f8bfc9c2694c384e752f25e/shapely-2.2.0-cp315-cp315-musllinux_1_2_aarch64.whl", hash = "sha256:b8cb04906b74db26f848f76744fa995cd6abeae9145d27cc405277de1f949660", size = 3245354, upload-time = "2026-10-07T09:17:33.291Z" },
    { url = "https://files.pythonhosted.org/packages/1a/c6/3f4f736d615013b2c117cec4d716e775659b2452bb039643c0411d131750/shapely-2.2.0-cp315-cp315-musllinux_1_2_x86_64.whl", hash = "sha256:d9b11d712ac72f1d869f2b6964dea5bd9f20b89901adcd796d6712496144ab22", size = 3388587, upload-time = "2026-10-07T09:17:35.261Z" },
    { url = "https://files.pythonhosted.org/packages/27/ea/cb26677d3e34e1663a00a1395fc17c4a2acb5fef638297f94d5cdb9a63f0/shapely-2.2.0-cp315-cp315-win32.whl", hash = "sha256:1af6935acde1db0b6a1bcbea30cbad5ae900723dfd398367ae1488470dc53667", size = 1658324, upload-time = "2026-10-07T09:17:37.362Z" },
    { url = "https://files.pythonhosted.org/packages/14/7d/351c43d812b94197fe279dc3e0defc6886e4be5a144fc191b8635b0fd839/shapely-2.2.0-cp315-cp315-win_amd64.whl", hash = "sha256:96e5101ad2d73df869255bae4c55537f372d32066e2328c376e09841f0f66800", size = 1843506, upload-time = "2026-10-07T09:17:39.336Z" },
    { url = "https://files.pythonhosted.org/packages/82/de/9b62659a23fe8b9d590cf8e4698051d8eab5c5cdddfd86c531019e9d0d2d/shapely-2.2.0-cp315-cp315-win_arm64.whl", hash = "sha256:446b2d5a323bddd1c2a27f41325fdb3a3e8e33c1f8f0f840bdb63e8c1515b29e", size = 1936521, upload-time = "2026-10-07T09:17:41.121Z" },
    { url = "https://files.pythonhosted.org/packages/91/c9/5e16b2ac8853ec587406496a85cbeb1f3465b53c5e8bf0f222b4a39a44a1/shapely-2.2.0-cp315-cp315t-macosx_10_15_x86_64.whl", hash = "sha256:c88b21a0e9599ebb741e08f71a95c8f07a434af909efb088828a9874d234d06d", size = 1792605, upload-time = "2026-10-07T09:17:43.211Z" },
    { url = "https://files.pythonhosted.org/packages/19/87/ebaf70f25565ed82d75ab84b1d0eb3a8b803302020c16bb98234f67c0477/shapely-2.2.0-cp315-cp315t-macosx_11_0_arm64.whl", hash = "sha256:cbe184e1946cfe115a9dfeadd2effd88ab4a237ab1a4335d106defa80fbc2d82", size = 1594776, upload-time = "2026-10-07T09:17:44.972Z" },
    { url = "https://files.pythonhosted.org/packages/e6/a1/e6210ff8aa7d065c2a94d2a3486342675bcb3f4d740ec686a414ace0c3b9/shapely-2.2.0-cp315-cp315t-manylinux_2_24_aarch64.manylinux_2_28_aarch64.whl", hash = "sha256:8bc985ad731da2f2cedde9c3cfb3c3d946fe6fc63d2ca557673dc33dd1e389b9", size = 2175890, upload-time = "2026-10-07T09:17:46.92Z" },
    { url = "https://files.pythonhosted.org/packages/96/19/4df2a474cdc24beb06ef557d433dbe936fa274600d4846ea19877ae47094/shapely-2.2.0-cp315-cp315t-manylinux_2_24_x86_64.manylinux_2_28_x86_64.whl", hash = "sha256:c3caa4c6308e7eaf18f4661134a1575eb290a56df78d0ae1b02f919a4cc7bd9d", size = 2296432, upload-time = "2026-10-07T09:17:48.895Z" },
    { url = "https://files.pythonhosted.org/packages/c5/29/2b38bbe8b9b2dba0838b7718819e8751490e3d946cff232049d0e707f98e/shapely-2.2.0-cp315-cp315t-musllinux_1_2_aarch64.whl", hash = "sha256:2fd87e55d7a7d310553b527378545cdc6ef8702473ed9294926b892c3cfb2ba0", size = 3243397, upload-time = "2026-10-07T09:17:50.885Z" },
    { url = "https://files.pythonhosted.org/packages/e8/1c/5430d8d6559c944ac673984f25989121abfd2bac4254ec3fff1d7673b7bc/shapely-2.2.0-cp315-cp315t-musllinux_1_2_x86_64.whl", hash = "sha256:7416db8ff3a1003687d4118e741343b3cf9ac2a4a925a59d44d98a865ac4e9e7", size = 3386299, upload-time = "2026-10-07T09:17:52.969Z" },
    { url = "https://files.pythonhosted.org/packages/5b/00/feaeb392e96063717387ec09e6c8e38b29fe4088ddfe976470255c69792e/shapely-2.2.0-cp315-cp315t-win32.whl", hash = "sha256:778421a19085bef1fb38bc0699db1ee9b08fdd0e30a8768788d601a4371f2de0", size = 1675823, upload-time = "2026-10-07T09:17:55.022Z" },
    { url = "https://files.pythonhosted.org/packages/0e/30/0b77618f33fecbc2209c767cecca58bbf83947fc0018571542bf2b859865/shapely-2.2.0-cp315-cp315t-win_amd64.whl", hash = "sha256:287ec7602f7a114b862ae0123880e57160cebe059843a4c7028aaee9e74287f6", size = 1866197, upload-time = "2026-10-07T09:17:56.991Z" },
    { url = "https://files.pythonhosted.org/packages/06/2b/9837e94408335520f778b09067fced0a5d4b2feffa5ebf7119412eb18b00/shapely-2.2.0-cp315-cp315t-win_arm64.whl", hash = "sha256:e414c78bc81aadd76a429111a350f4ef3d05fc13019805617b524951258468e5", size = 1945749, upload-time = "2026-10-07T09:17:59.116Z" },
]
